
Microsoft Visual Studio Solution File, Format Version 12.00
# Visual Studio 15
VisualStudioVersion = 15.0.28010.2036
MinimumVisualStudioVersion = 10.0.40219.1
Project("{FAE04EC0-301F-11D3-BF4B-00C04F79EFBC}") = "KeybordTrainer", "KeybordTrainer\KeybordTrainer.csproj", "{A1D27FF3-D107-4F9F-BF5B-9CA765ACE688}"
EndProject
Global
	GlobalSection(SolutionConfigurationPlatforms) = preSolution
		Debug|Any CPU = Debug|Any CPU
		Release|Any CPU = Release|Any CPU
	EndGlobalSection
	GlobalSection(ProjectConfigurationPlatforms) = postSolution
		{A1D27FF3-D107-4F9F-BF5B-9CA765ACE688}.Debug|Any CPU.ActiveCfg = Debug|Any CPU
		{A1D27FF3-D107-4F9F-BF5B-9CA765ACE688}.Debug|Any CPU.Build.0 = Debug|Any CPU
		{A1D27FF3-D107-4F9F-BF5B-9CA765ACE688}.Release|Any CPU.ActiveCfg = Release|Any CPU
		{A1D27FF3-D107-4F9F-BF5B-9CA765ACE688}.Release|Any CPU.Build.0 = Release|Any CPU
	EndGlobalSection
	GlobalSection(SolutionProperties) = preSolution
		HideSolutionNode = FALSE
	EndGlobalSection
	GlobalSection(ExtensibilityGlobals) = postSolution
		SolutionGuid = {1EF4223A-4350-4774-8C1D-F161C793D9BB}
	EndGlobalSection
EndGlobal
